// !$*UTF8*$!
{
	archiveVersion = 1;
	classes = {
	};
	objectVersion = 77;
	objects = {

/* Begin PBXContainerItemProxy section */
		D72644062D8D388F00C2ADBB /* PBXContainerItemProxy */ = {
			isa = PBXContainerItemProxy;
			containerPortal = D72643EC2D8D388D00C2ADBB /* Project object */;
			proxyType = 1;
			remoteGlobalIDString = D72643F32D8D388D00C2ADBB;
			remoteInfo = AssistanceDemo;
		};
		D72644102D8D389000C2ADBB /* PBXContainerItemProxy */ = {
			isa = PBXContainerItemProxy;
			containerPortal = D72643EC2D8D388D00C2ADBB /* Project object */;
			proxyType = 1;
			remoteGlobalIDString = D72643F32D8D388D00C2ADBB;
			remoteInfo = AssistanceDemo;
		};
/* End PBXContainerItemProxy section */

/* Begin PBXFileReference section */
		D72643F42D8D388D00C2ADBB /* AssistanceDemo.app */ = {isa = PBXFileReference; explicitFileType = wrapper.application; includeInIndex = 0; path = AssistanceDemo.app; sourceTree = BUILT_PRODUCTS_DIR; };
		D72644052D8D388F00C2ADBB /* AssistanceDemoTests.xctest */ = {isa = PBXFileReference; explicitFileType = wrapper.cfbundle; includeInIndex = 0; path = AssistanceDemoTests.xctest; sourceTree = BUILT_PRODUCTS_DIR; };
		D726440F2D8D389000C2ADBB /* AssistanceDemoUITests.xctest */ = {isa = PBXFileReference; explicitFileType = wrapper.cfbundle; includeInIndex = 0; path = AssistanceDemoUITests.xctest; sourceTree = BUILT_PRODUCTS_DIR; };
/* End PBXFileReference section */

/* Begin PBXFileSystemSynchronizedRootGroup section */
		D72643F62D8D388D00C2ADBB /* AssistanceDemo */ = {
			isa = PBXFileSystemSynchronizedRootGroup;
			path = AssistanceDemo;
			sourceTree = "<group>";
		};
		D72644082D8D388F00C2ADBB /* AssistanceDemoTests */ = {
			isa = PBXFileSystemSynchronizedRootGroup;
			path = AssistanceDemoTests;
			sourceTree = "<group>";
		};
		D72644122D8D389000C2ADBB /* AssistanceDemoUITests */ = {
			isa = PBXFileSystemSynchronizedRootGroup;
			path = AssistanceDemoUITests;
			sourceTree = "<group>";
		};
/* End PBXFileSystemSynchronizedRootGroup section */

/* Begin PBXFrameworksBuildPhase section */
		D72643F12D8D388D00C2ADBB /* Frameworks */ = {
			isa = PBXFrameworksBuildPhase;
			buildActionMask = 2147483647;
			files = (
			);
			runOnlyForDeploymentPostprocessing = 0;
		};
		D72644022D8D388F00C2ADBB /* Frameworks */ = {
			isa = PBXFrameworksBuildPhase;
			buildActionMask = 2147483647;
			files = (
			);
			runOnlyForDeploymentPostprocessing = 0;
		};
		D726440C2D8D389000C2ADBB /* Frameworks */ = {
			isa = PBXFrameworksBuildPhase;
			buildActionMask = 2147483647;
			files = (
			);
			runOnlyForDeploymentPostprocessing = 0;
		};
/* End PBXFrameworksBuildPhase section */

/* Begin PBXGroup section */
		D72643EB2D8D388D00C2ADBB = {
			isa = PBXGroup;
			children = (
				D72643F62D8D388D00C2ADBB /* AssistanceDemo */,
				D72644082D8D388F00C2ADBB /* AssistanceDemoTests */,
				D72644122D8D389000C2ADBB /* AssistanceDemoUITests */,
				D72643F52D8D388D00C2ADBB /* Products */,
			);
			sourceTree = "<group>";
		};
		D72643F52D8D388D00C2ADBB /* Products */ = {
			isa = PBXGroup;
			children = (
				D72643F42D8D388D00C2ADBB /* AssistanceDemo.app */,
				D72644052D8D388F00C2ADBB /* AssistanceDemoTests.xctest */,
				D726440F2D8D389000C2ADBB /* AssistanceDemoUITests.xctest */,
			);
			name = Products;
			sourceTree = "<group>";
		};
/* End PBXGroup section */

/* Begin PBXNativeTarget section */
		D72643F32D8D388D00C2ADBB /* AssistanceDemo */ = {
			isa = PBXNativeTarget;
			buildConfigurationList = D72644192D8D389000C2ADBB /* Build configuration list for PBXNativeTarget "AssistanceDemo" */;
			buildPhases = (
				D72643F02D8D388D00C2ADBB /* Sources */,
				D72643F12D8D388D00C2ADBB /* Frameworks */,
				D72643F22D8D388D00C2ADBB /* Resources */,
			);
			buildRules = (
			);
			dependencies = (
			);
			fileSystemSynchronizedGroups = (
				D72643F62D8D388D00C2ADBB /* AssistanceDemo */,
			);
			name = AssistanceDemo;
			packageProductDependencies = (
			);
			productName = AssistanceDemo;
			productReference = D72643F42D8D388D00C2ADBB /* AssistanceDemo.app */;
			productType = "com.apple.product-type.application";
		};
		D72644042D8D388F00C2ADBB /* AssistanceDemoTests */ = {
			isa = PBXNativeTarget;
			buildConfigurationList = D726441C2D8D389000C2ADBB /* Build configuration list for PBXNativeTarget "AssistanceDemoTests" */;
			buildPhases = (
				D72644012D8D388F00C2ADBB /* Sources */,
				D72644022D8D388F00C2ADBB /* Frameworks */,
				D72644032D8D388F00C2ADBB /* Resources */,
			);
			buildRules = (
			);
			dependencies = (
				D72644072D8D388F00C2ADBB /* PBXTargetDependency */,
			);
			fileSystemSynchronizedGroups = (
				D72644082D8D388F00C2ADBB /* AssistanceDemoTests */,
			);
			name = AssistanceDemoTests;
			packageProductDependencies = (
			);
			productName = AssistanceDemoTests;
			productReference = D72644052D8D388F00C2ADBB /* AssistanceDemoTests.xctest */;
			productType = "com.apple.product-type.bundle.unit-test";
		};
		D726440E2D8D389000C2ADBB /* AssistanceDemoUITests */ = {
			isa = PBXNativeTarget;
			buildConfigurationList = D726441F2D8D389000C2ADBB /* Build configuration list for PBXNativeTarget "AssistanceDemoUITests" */;
			buildPhases = (
				D726440B2D8D389000C2ADBB /* Sources */,
				D726440C2D8D389000C2ADBB /* Frameworks */,
				D726440D2D8D389000C2ADBB /* Resources */,
			);
			buildRules = (
			);
			dependencies = (
				D72644112D8D389000C2ADBB /* PBXTargetDependency */,
			);
			fileSystemSynchronizedGroups = (
				D72644122D8D389000C2ADBB /* AssistanceDemoUITests */,
			);
			name = AssistanceDemoUITests;
			packageProductDependencies = (
			);
			productName = AssistanceDemoUITests;
			productReference = D726440F2D8D389000C2ADBB /* AssistanceDemoUITests.xctest */;
			productType = "com.apple.product-type.bundle.ui-testing";
		};
/* End PBXNativeTarget section */

/* Begin PBXProject section */
		D72643EC2D8D388D00C2ADBB /* Project object */ = {
			isa = PBXProject;
			attributes = {
				BuildIndependentTargetsInParallel = 1;
				LastSwiftUpdateCheck = 1610;
				LastUpgradeCheck = 1610;
				TargetAttributes = {
					D72643F32D8D388D00C2ADBB = {
						CreatedOnToolsVersion = 16.1;
					};
					D72644042D8D388F00C2ADBB = {
						CreatedOnToolsVersion = 16.1;
						TestTargetID = D72643F32D8D388D00C2ADBB;
					};
					D726440E2D8D389000C2ADBB = {
						CreatedOnToolsVersion = 16.1;
						TestTargetID = D72643F32D8D388D00C2ADBB;
					};
				};
			};
			buildConfigurationList = D72643EF2D8D388D00C2ADBB /* Build configuration list for PBXProject "AssistanceDemo" */;
			developmentRegion = en;
			hasScannedForEncodings = 0;
			knownRegions = (
				en,
				Base,
			);
			mainGroup = D72643EB2D8D388D00C2ADBB;
			minimizedProjectReferenceProxies = 1;
			preferredProjectObjectVersion = 77;
			productRefGroup = D72643F52D8D388D00C2ADBB /* Products */;
			projectDirPath = "";
			projectRoot = "";
			targets = (
				D72643F32D8D388D00C2ADBB /* AssistanceDemo */,
				D72644042D8D388F00C2ADBB /* AssistanceDemoTests */,
				D726440E2D8D389000C2ADBB /* AssistanceDemoUITests */,
			);
		};
/* End PBXProject section */

/* Begin PBXResourcesBuildPhase section */
		D72643F22D8D388D00C2ADBB /* Resources */ = {
			isa = PBXResourcesBuildPhase;
			buildActionMask = 2147483647;
			files = (
			);
			runOnlyForDeploymentPostprocessing = 0;
		};
		D72644032D8D388F00C2ADBB /* Resources */ = {
			isa = PBXResourcesBuildPhase;
			buildActionMask = 2147483647;
			files = (
			);
			runOnlyForDeploymentPostprocessing = 0;
		};
		D726440D2D8D389000C2ADBB /* Resources */ = {
			isa = PBXResourcesBuildPhase;
			buildActionMask = 2147483647;
			files = (
			);
			runOnlyForDeploymentPostprocessing = 0;
		};
/* End PBXResourcesBuildPhase section */

/* Begin PBXSourcesBuildPhase section */
		D72643F02D8D388D00C2ADBB /* Sources */ = {
			isa = PBXSourcesBuildPhase;
			buildActionMask = 2147483647;
			files = (
			);
			runOnlyForDeploymentPostprocessing = 0;
		};
		D72644012D8D388F00C2ADBB /* Sources */ = {
			isa = PBXSourcesBuildPhase;
			buildActionMask = 2147483647;
			files = (
			);
			runOnlyForDeploymentPostprocessing = 0;
		};
		D726440B2D8D389000C2ADBB /* Sources */ = {
			isa = PBXSourcesBuildPhase;
			buildActionMask = 2147483647;
			files = (
			);
			runOnlyForDeploymentPostprocessing = 0;
		};
/* End PBXSourcesBuildPhase section */

/* Begin PBXTargetDependency section */
		D72644072D8D388F00C2ADBB /* PBXTargetDependency */ = {
			isa = PBXTargetDependency;
			target = D72643F32D8D388D00C2ADBB /* AssistanceDemo */;
			targetProxy = D72644062D8D388F00C2ADBB /* PBXContainerItemProxy */;
		};
		D72644112D8D389000C2ADBB /* PBXTargetDependency */ = {
			isa = PBXTargetDependency;
			target = D72643F32D8D388D00C2ADBB /* AssistanceDemo */;
			targetProxy = D72644102D8D389000C2ADBB /* PBXContainerItemProxy */;
		};
/* End PBXTargetDependency section */

/* Begin XCBuildConfiguration section */
		D72644172D8D389000C2ADBB /* Debug */ = {
			isa = XCBuildConfiguration;
			buildSettings = {
				ALWAYS_SEARCH_USER_PATHS = NO;
				ASSETCATALOG_COMPILER_GENERATE_SWIFT_ASSET_SYMBOL_EXTENSIONS = YES;
				CLANG_ANALYZER_NONNULL = YES;
				CLANG_ANALYZER_NUMBER_OBJECT_CONVERSION = YES_AGGRESSIVE;
				CLANG_CXX_LANGUAGE_STANDARD = "gnu++20";
				CLANG_ENABLE_MODULES = YES;
				CLANG_ENABLE_OBJC_ARC = YES;
				CLANG_ENABLE_OBJC_WEAK = YES;
				CLANG_WARN_BLOCK_CAPTURE_AUTORELEASING = YES;
				CLANG_WARN_BOOL_CONVERSION = YES;
				CLANG_WARN_COMMA = YES;
				CLANG_WARN_CONSTANT_CONVERSION = YES;
				CLANG_WARN_DEPRECATED_OBJC_IMPLEMENTATIONS = YES;
				CLANG_WARN_DIRECT_OBJC_ISA_USAGE = YES_ERROR;
				CLANG_WARN_DOCUMENTATION_COMMENTS = YES;
				CLANG_WARN_EMPTY_BODY = YES;
				CLANG_WARN_ENUM_CONVERSION = YES;
				CLANG_WARN_INFINITE_RECURSION = YES;
				CLANG_WARN_INT_CONVERSION = YES;
				CLANG_WARN_NON_LITERAL_NULL_CONVERSION = YES;
				CLANG_WARN_OBJC_IMPLICIT_RETAIN_SELF = YES;
				CLANG_WARN_OBJC_LITERAL_CONVERSION = YES;
				CLANG_WARN_OBJC_ROOT_CLASS = YES_ERROR;
				CLANG_WARN_QUOTED_INCLUDE_IN_FRAMEWORK_HEADER = YES;
				CLANG_WARN_RANGE_LOOP_ANALYSIS = YES;
				CLANG_WARN_STRICT_PROTOTYPES = YES;
				CLANG_WARN_SUSPICIOUS_MOVE = YES;
				CLANG_WARN_UNGUARDED_AVAILABILITY = YES_AGGRESSIVE;
				CLANG_WARN_UNREACHABLE_CODE = YES;
				CLANG_WARN__DUPLICATE_METHOD_MATCH = YES;
				COPY_PHASE_STRIP = NO;
				DEBUG_INFORMATION_FORMAT = dwarf;
				ENABLE_STRICT_OBJC_MSGSEND = YES;
				ENABLE_TESTABILITY = YES;
				ENABLE_USER_SCRIPT_SANDBOXING = YES;
				GCC_C_LANGUAGE_STANDARD = gnu17;
				GCC_DYNAMIC_NO_PIC = NO;
				GCC_NO_COMMON_BLOCKS = YES;
				GCC_OPTIMIZATION_LEVEL = 0;
				GCC_PREPROCESSOR_DEFINITIONS = (
					"DEBUG=1",
					"$(inherited)",
				);
				GCC_WARN_64_TO_32_BIT_CONVERSION = YES;
				GCC_WARN_ABOUT_RETURN_TYPE = YES_ERROR;
				GCC_WARN_UNDECLARED_SELECTOR = YES;
				GCC_WARN_UNINITIALIZED_AUTOS = YES_AGGRESSIVE;
				GCC_WARN_UNUSED_FUNCTION = YES;
				GCC_WARN_UNUSED_VARIABLE = YES;
				LOCALIZATION_PREFERS_STRING_CATALOGS = YES;
				MACOSX_DEPLOYMENT_TARGET = 14.6;
				MTL_ENABLE_DEBUG_INFO = INCLUDE_SOURCE;
				MTL_FAST_MATH = YES;
				ONLY_ACTIVE_ARCH = YES;
				SDKROOT = macosx;
				SWIFT_ACTIVE_COMPILATION_CONDITIONS = "DEBUG $(inherited)";
				SWIFT_OPTIMIZATION_LEVEL = "-Onone";
			};
			name = Debug;
		};
		D72644182D8D389000C2ADBB /* Release */ = {
			isa = XCBuildConfiguration;
			buildSettings = {
				ALWAYS_SEARCH_USER_PATHS = NO;
				ASSETCATALOG_COMPILER_GENERATE_SWIFT_ASSET_SYMBOL_EXTENSIONS = YES;
				CLANG_ANALYZER_NONNULL = YES;
				CLANG_ANALYZER_NUMBER_OBJECT_CONVERSION = YES_AGGRESSIVE;
				CLANG_CXX_LANGUAGE_STANDARD = "gnu++20";
				CLANG_ENABLE_MODULES = YES;
				CLANG_ENABLE_OBJC_ARC = YES;
				CLANG_ENABLE_OBJC_WEAK = YES;
				CLANG_WARN_BLOCK_CAPTURE_AUTORELEASING = YES;
				CLANG_WARN_BOOL_CONVERSION = YES;
				CLANG_WARN_COMMA = YES;
				CLANG_WARN_CONSTANT_CONVERSION = YES;
				CLANG_WARN_DEPRECATED_OBJC_IMPLEMENTATIONS = YES;
				CLANG_WARN_DIRECT_OBJC_ISA_USAGE = YES_ERROR;
				CLANG_WARN_DOCUMENTATION_COMMENTS = YES;
				CLANG_WARN_EMPTY_BODY = YES;
				CLANG_WARN_ENUM_CONVERSION = YES;
				CLANG_WARN_INFINITE_RECURSION = YES;
				CLANG_WARN_INT_CONVERSION = YES;
				CLANG_WARN_NON_LITERAL_NULL_CONVERSION = YES;
				CLANG_WARN_OBJC_IMPLICIT_RETAIN_SELF = YES;
				CLANG_WARN_OBJC_LITERAL_CONVERSION = YES;
				CLANG_WARN_OBJC_ROOT_CLASS = YES_ERROR;
				CLANG_WARN_QUOTED_INCLUDE_IN_FRAMEWORK_HEADER = YES;
				CLANG_WARN_RANGE_LOOP_ANALYSIS = YES;
				CLANG_WARN_STRICT_PROTOTYPES = YES;
				CLANG_WARN_SUSPICIOUS_MOVE = YES;
				CLANG_WARN_UNGUARDED_AVAILABILITY = YES_AGGRESSIVE;
				CLANG_WARN_UNREACHABLE_CODE = YES;
				CLANG_WARN__DUPLICATE_METHOD_MATCH = YES;
				COPY_PHASE_STRIP = NO;
				DEBUG_INFORMATION_FORMAT = "dwarf-with-dsym";
				ENABLE_NS_ASSERTIONS = NO;
				ENABLE_STRICT_OBJC_MSGSEND = YES;
				ENABLE_USER_SCRIPT_SANDBOXING = YES;
				GCC_C_LANGUAGE_STANDARD = gnu17;
				GCC_NO_COMMON_BLOCKS = YES;
				GCC_WARN_64_TO_32_BIT_CONVERSION = YES;
				GCC_WARN_ABOUT_RETURN_TYPE = YES_ERROR;
				GCC_WARN_UNDECLARED_SELECTOR = YES;
				GCC_WARN_UNINITIALIZED_AUTOS = YES_AGGRESSIVE;
				GCC_WARN_UNUSED_FUNCTION = YES;
				GCC_WARN_UNUSED_VARIABLE = YES;
				LOCALIZATION_PREFERS_STRING_CATALOGS = YES;
				MACOSX_DEPLOYMENT_TARGET = 14.6;
				MTL_ENABLE_DEBUG_INFO = NO;
				MTL_FAST_MATH = YES;
				SDKROOT = macosx;
				SWIFT_COMPILATION_MODE = wholemodule;
			};
			name = Release;
		};
		D726441A2D8D389000C2ADBB /* Debug */ = {
			isa = XCBuildConfiguration;
			buildSettings = {
				ASSETCATALOG_COMPILER_APPICON_NAME = AppIcon;
				ASSETCATALOG_COMPILER_GLOBAL_ACCENT_COLOR_NAME = AccentColor;
				CODE_SIGN_ENTITLEMENTS = AssistanceDemo/AssistanceDemo.entitlements;
				CODE_SIGN_STYLE = Automatic;
				COMBINE_HIDPI_IMAGES = YES;
				CURRENT_PROJECT_VERSION = 1;
				DEVELOPMENT_ASSET_PATHS = "\"AssistanceDemo/Preview Content\"";
				ENABLE_PREVIEWS = YES;
				GENERATE_INFOPLIST_FILE = YES;
				INFOPLIST_KEY_NSHumanReadableCopyright = "";
				INFOPLIST_KEY_NSMicrophoneUsageDescription = "We need microphone access for speech recognition.";
				INFOPLIST_KEY_NSSpeechRecognitionUsageDescription = "We need access to recognize your speech.";
				LD_RUNPATH_SEARCH_PATHS = (
					"$(inherited)",
					"@executable_path/../Frameworks",
				);
				MARKETING_VERSION = 1.0;
				PRODUCT_BUNDLE_IDENTIFIER = co.weverse.phoning.AssistanceDemo;
				PRODUCT_NAME = "$(TARGET_NAME)";
				SWIFT_EMIT_LOC_STRINGS = YES;
				SWIFT_VERSION = 5.0;
			};
			name = Debug;
		};
		D726441B2D8D389000C2ADBB /* Release */ = {
			isa = XCBuildConfiguration;
			buildSettings = {
				ASSETCATALOG_COMPILER_APPICON_NAME = AppIcon;
				ASSETCATALOG_COMPILER_GLOBAL_ACCENT_COLOR_NAME = AccentColor;
				CODE_SIGN_ENTITLEMENTS = AssistanceDemo/AssistanceDemo.entitlements;
				CODE_SIGN_STYLE = Automatic;
				COMBINE_HIDPI_IMAGES = YES;
				CURRENT_PROJECT_VERSION = 1;
				DEVELOPMENT_ASSET_PATHS = "\"AssistanceDemo/Preview Content\"";
				ENABLE_PREVIEWS = YES;
				GENERATE_INFOPLIST_FILE = YES;
				INFOPLIST_KEY_NSHumanReadableCopyright = "";
				INFOPLIST_KEY_NSMicrophoneUsageDescription = "We need microphone access for speech recognition.";
				INFOPLIST_KEY_NSSpeechRecognitionUsageDescription = "We need access to recognize your speech.";
				LD_RUNPATH_SEARCH_PATHS = (
					"$(inherited)",
					"@executable_path/../Frameworks",
				);
				MARKETING_VERSION = 1.0;
				PRODUCT_BUNDLE_IDENTIFIER = co.weverse.phoning.AssistanceDemo;
				PRODUCT_NAME = "$(TARGET_NAME)";
				SWIFT_EMIT_LOC_STRINGS = YES;
				SWIFT_VERSION = 5.0;
			};
			name = Release;
		};
		D726441D2D8D389000C2ADBB /* Debug */ = {
			isa = XCBuildConfiguration;
			buildSettings = {
				BUNDLE_LOADER = "$(TEST_HOST)";
				CODE_SIGN_STYLE = Automatic;
				CURRENT_PROJECT_VERSION = 1;
				GENERATE_INFOPLIST_FILE = YES;
				MACOSX_DEPLOYMENT_TARGET = 14.6;
				MARKETING_VERSION = 1.0;
				PRODUCT_BUNDLE_IDENTIFIER = co.weverse.phoning.AssistanceDemoTests;
				PRODUCT_NAME = "$(TARGET_NAME)";
				SWIFT_EMIT_LOC_STRINGS = NO;
				SWIFT_VERSION = 5.0;
				TEST_HOST = "$(BUILT_PRODUCTS_DIR)/AssistanceDemo.app/$(BUNDLE_EXECUTABLE_FOLDER_PATH)/AssistanceDemo";
			};
			name = Debug;
		};
		D726441E2D8D389000C2ADBB /* Release */ = {
			isa = XCBuildConfiguration;
			buildSettings = {
				BUNDLE_LOADER = "$(TEST_HOST)";
				CODE_SIGN_STYLE = Automatic;
				CURRENT_PROJECT_VERSION = 1;
				GENERATE_INFOPLIST_FILE = YES;
				MACOSX_DEPLOYMENT_TARGET = 14.6;
				MARKETING_VERSION = 1.0;
				PRODUCT_BUNDLE_IDENTIFIER = co.weverse.phoning.AssistanceDemoTests;
				PRODUCT_NAME = "$(TARGET_NAME)";
				SWIFT_EMIT_LOC_STRINGS = NO;
				SWIFT_VERSION = 5.0;
				TEST_HOST = "$(BUILT_PRODUCTS_DIR)/AssistanceDemo.app/$(BUNDLE_EXECUTABLE_FOLDER_PATH)/AssistanceDemo";
			};
			name = Release;
		};
		D72644202D8D389000C2ADBB /* Debug */ = {
			isa = XCBuildConfiguration;
			buildSettings = {
				CODE_SIGN_STYLE = Automatic;
				CURRENT_PROJECT_VERSION = 1;
				GENERATE_INFOPLIST_FILE = YES;
				MARKETING_VERSION = 1.0;
				PRODUCT_BUNDLE_IDENTIFIER = co.weverse.phoning.AssistanceDemoUITests;
				PRODUCT_NAME = "$(TARGET_NAME)";
				SWIFT_EMIT_LOC_STRINGS = NO;
				SWIFT_VERSION = 5.0;
				TEST_TARGET_NAME = AssistanceDemo;
			};
			name = Debug;
		};
		D72644212D8D389000C2ADBB /* Release */ = {
			isa = XCBuildConfiguration;
			buildSettings = {
				CODE_SIGN_STYLE = Automatic;
				CURRENT_PROJECT_VERSION = 1;
				GENERATE_INFOPLIST_FILE = YES;
				MARKETING_VERSION = 1.0;
				PRODUCT_BUNDLE_IDENTIFIER = co.weverse.phoning.AssistanceDemoUITests;
				PRODUCT_NAME = "$(TARGET_NAME)";
				SWIFT_EMIT_LOC_STRINGS = NO;
				SWIFT_VERSION = 5.0;
				TEST_TARGET_NAME = AssistanceDemo;
			};
			name = Release;
		};
/* End XCBuildConfiguration section */

/* Begin XCConfigurationList section */
		D72643EF2D8D388D00C2ADBB /* Build configuration list for PBXProject "AssistanceDemo" */ = {
			isa = XCConfigurationList;
			buildConfigurations = (
				D72644172D8D389000C2ADBB /* Debug */,
				D72644182D8D389000C2ADBB /* Release */,
			);
			defaultConfigurationIsVisible = 0;
			defaultConfigurationName = Release;
		};
		D72644192D8D389000C2ADBB /* Build configuration list for PBXNativeTarget "AssistanceDemo" */ = {
			isa = XCConfigurationList;
			buildConfigurations = (
				D726441A2D8D389000C2ADBB /* Debug */,
				D726441B2D8D389000C2ADBB /* Release */,
			);
			defaultConfigurationIsVisible = 0;
			defaultConfigurationName = Release;
		};
		D726441C2D8D389000C2ADBB /* Build configuration list for PBXNativeTarget "AssistanceDemoTests" */ = {
			isa = XCConfigurationList;
			buildConfigurations = (
				D726441D2D8D389000C2ADBB /* Debug */,
				D726441E2D8D389000C2ADBB /* Release */,
			);
			defaultConfigurationIsVisible = 0;
			defaultConfigurationName = Release;
		};
		D726441F2D8D389000C2ADBB /* Build configuration list for PBXNativeTarget "AssistanceDemoUITests" */ = {
			isa = XCConfigurationList;
			buildConfigurations = (
				D72644202D8D389000C2ADBB /* Debug */,
				D72644212D8D389000C2ADBB /* Release */,
			);
			defaultConfigurationIsVisible = 0;
			defaultConfigurationName = Release;
		};
/* End XCConfigurationList section */
	};
	rootObject = D72643EC2D8D388D00C2ADBB /* Project object */;
}
